
Microsoft Visual Studio Solution File, Format Version 12.00
# Visual Studio Version 16
VisualStudioVersion = 16.0.31205.134
MinimumVisualStudioVersion = 10.0.40219.1
Project("{FAE04EC0-301F-11D3-BF4B-00C04F79EFBC}") = "OrvosiNobeldijasok", "OrvosiNobeldijasok.csproj", "{5C136AC3-9B8E-4D3E-A571-111DACD9875D}"
EndProject
Global
	GlobalSection(SolutionConfigurationPlatforms) = preSolution
		Debug|Any CPU = Debug|Any CPU
		Release|Any CPU = Release|Any CPU
	EndGlobalSection
	GlobalSection(ProjectConfigurationPlatforms) = postSolution
		{5C136AC3-9B8E-4D3E-A571-111DACD9875D}.Debug|Any CPU.ActiveCfg = Debug|Any CPU
		{5C136AC3-9B8E-4D3E-A571-111DACD9875D}.Debug|Any CPU.Build.0 = Debug|Any CPU
		{5C136AC3-9B8E-4D3E-A571-111DACD9875D}.Release|Any CPU.ActiveCfg = Release|Any CPU
		{5C136AC3-9B8E-4D3E-A571-111DACD9875D}.Release|Any CPU.Build.0 = Release|Any CPU
	EndGlobalSection
	GlobalSection(SolutionProperties) = preSolution
		HideSolutionNode = FALSE
	EndGlobalSection
	GlobalSection(ExtensibilityGlobals) = postSolution
		SolutionGuid = {13AEAD35-C7FA-4AA7-BF19-282B1DD4C576}
	EndGlobalSection
EndGlobal
